// !$*UTF8*$!
{
	archiveVersion = 1;
	classes = {
	};
	objectVersion = 56;
	objects = {

/* Begin PBXBuildFile section */
		505BF42F297979EE00A901D2 /* AppDelegate.swift in Sources */ = {isa = PBXBuildFile; fileRef = 505BF42E297979EE00A901D2 /* AppDelegate.swift */; };
		505BF431297979EE00A901D2 /* SceneDelegate.swift in Sources */ = {isa = PBXBuildFile; fileRef = 505BF430297979EE00A901D2 /* SceneDelegate.swift */; };
		505BF433297979EE00A901D2 /* ViewController.swift in Sources */ = {isa = PBXBuildFile; fileRef = 505BF432297979EE00A901D2 /* ViewController.swift */; };
		505BF436297979EE00A901D2 /* Main.storyboard in Resources */ = {isa = PBXBuildFile; fileRef = 505BF434297979EE00A901D2 /* Main.storyboard */; };
		505BF438297979EE00A901D2 /* Assets.xcassets in Resources */ = {isa = PBXBuildFile; fileRef = 505BF437297979EE00A901D2 /* Assets.xcassets */; };
		505BF43B297979EE00A901D2 /* LaunchScreen.storyboard in Resources */ = {isa = PBXBuildFile; fileRef = 505BF439297979EE00A901D2 /* LaunchScreen.storyboard */; };
		505BF446297979EF00A901D2 /* Random_ColorTests.swift in Sources */ = {isa = PBXBuildFile; fileRef = 505BF445297979EF00A901D2 /* Random_ColorTests.swift */; };
		505BF450297979EF00A901D2 /* Random_ColorUITests.swift in Sources */ = {isa = PBXBuildFile; fileRef = 505BF44F297979EF00A901D2 /* Random_ColorUITests.swift */; };
		505BF452297979EF00A901D2 /* Random_ColorUITestsLaunchTests.swift in Sources */ = {isa = PBXBuildFile; fileRef = 505BF451297979EF00A901D2 /* Random_ColorUITestsLaunchTests.swift */; };
/* End PBXBuildFile section */

/* Begin PBXContainerItemProxy section */
		505BF442297979EF00A901D2 /* PBXContainerItemProxy */ = {
			isa = PBXContainerItemProxy;
			containerPortal = 505BF423297979EE00A901D2 /* Project object */;
			proxyType = 1;
			remoteGlobalIDString = 505BF42A297979EE00A901D2;
			remoteInfo = "Random Color";
		};
		505BF44C297979EF00A901D2 /* PBXContainerItemProxy */ = {
			isa = PBXContainerItemProxy;
			containerPortal = 505BF423297979EE00A901D2 /* Project object */;
			proxyType = 1;
			remoteGlobalIDString = 505BF42A297979EE00A901D2;
			remoteInfo = "Random Color";
		};
/* End PBXContainerItemProxy section */

/* Begin PBXFileReference section */
		505BF42B297979EE00A901D2 /* Random Color.app */ = {isa = PBXFileReference; explicitFileType = wrapper.application; includeInIndex = 0; path = "Random Color.app"; sourceTree = BUILT_PRODUCTS_DIR; };
		505BF42E297979EE00A901D2 /* AppDelegate.swift */ = {isa = PBXFileReference; lastKnownFileType = sourcecode.swift; path = AppDelegate.swift; sourceTree = "<group>"; };
		505BF430297979EE00A901D2 /* SceneDelegate.swift */ = {isa = PBXFileReference; lastKnownFileType = sourcecode.swift; path = SceneDelegate.swift; sourceTree = "<group>"; };
		505BF432297979EE00A901D2 /* ViewController.swift */ = {isa = PBXFileReference; lastKnownFileType = sourcecode.swift; path = ViewController.swift; sourceTree = "<group>"; };
		505BF435297979EE00A901D2 /* Base */ = {isa = PBXFileReference; lastKnownFileType = file.storyboard; name = Base; path = Base.lproj/Main.storyboard; sourceTree = "<group>"; };
		505BF437297979EE00A901D2 /* Assets.xcassets */ = {isa = PBXFileReference; lastKnownFileType = folder.assetcatalog; path = Assets.xcassets; sourceTree = "<group>"; };
		505BF43A297979EE00A901D2 /* Base */ = {isa = PBXFileReference; lastKnownFileType = file.storyboard; name = Base; path = Base.lproj/LaunchScreen.storyboard; sourceTree = "<group>"; };
		505BF43C297979EE00A901D2 /* Info.plist */ = {isa = PBXFileReference; lastKnownFileType = text.plist.xml; path = Info.plist; sourceTree = "<group>"; };
		505BF441297979EF00A901D2 /* Random ColorTests.xctest */ = {isa = PBXFileReference; explicitFileType = wrapper.cfbundle; includeInIndex = 0; path = "Random ColorTests.xctest"; sourceTree = BUILT_PRODUCTS_DIR; };
		505BF445297979EF00A901D2 /* Random_ColorTests.swift */ = {isa = PBXFileReference; lastKnownFileType = sourcecode.swift; path = Random_ColorTests.swift; sourceTree = "<group>"; };
		505BF44B297979EF00A901D2 /* Random ColorUITests.xctest */ = {isa = PBXFileReference; explicitFileType = wrapper.cfbundle; includeInIndex = 0; path = "Random ColorUITests.xctest"; sourceTree = BUILT_PRODUCTS_DIR; };
		505BF44F297979EF00A901D2 /* Random_ColorUITests.swift */ = {isa = PBXFileReference; lastKnownFileType = sourcecode.swift; path = Random_ColorUITests.swift; sourceTree = "<group>"; };
		505BF451297979EF00A901D2 /* Random_ColorUITestsLaunchTests.swift */ = {isa = PBXFileReference; lastKnownFileType = sourcecode.swift; path = Random_ColorUITestsLaunchTests.swift; sourceTree = "<group>"; };
/* End PBXFileReference section */

/* Begin PBXFrameworksBuildPhase section */
		505BF428297979EE00A901D2 /* Frameworks */ = {
			isa = PBXFrameworksBuildPhase;
			buildActionMask = 2147483647;
			files = (
			);
			runOnlyForDeploymentPostprocessing = 0;
		};
		505BF43E297979EF00A901D2 /* Frameworks */ = {
			isa = PBXFrameworksBuildPhase;
			buildActionMask = 2147483647;
			files = (
			);
			runOnlyForDeploymentPostprocessing = 0;
		};
		505BF448297979EF00A901D2 /* Frameworks */ = {
			isa = PBXFrameworksBuildPhase;
			buildActionMask = 2147483647;
			files = (
			);
			runOnlyForDeploymentPostprocessing = 0;
		};
/* End PBXFrameworksBuildPhase section */

/* Begin PBXGroup section */
		505BF422297979ED00A901D2 = {
			isa = PBXGroup;
			children = (
				505BF42D297979EE00A901D2 /* Random Color */,
				505BF444297979EF00A901D2 /* Random ColorTests */,
				505BF44E297979EF00A901D2 /* Random ColorUITests */,
				505BF42C297979EE00A901D2 /* Products */,
			);
			sourceTree = "<group>";
		};
		505BF42C297979EE00A901D2 /* Products */ = {
			isa = PBXGroup;
			children = (
				505BF42B297979EE00A901D2 /* Random Color.app */,
				505BF441297979EF00A901D2 /* Random ColorTests.xctest */,
				505BF44B297979EF00A901D2 /* Random ColorUITests.xctest */,
			);
			name = Products;
			sourceTree = "<group>";
		};
		505BF42D297979EE00A901D2 /* Random Color */ = {
			isa = PBXGroup;
			children = (
				505BF42E297979EE00A901D2 /* AppDelegate.swift */,
				505BF430297979EE00A901D2 /* SceneDelegate.swift */,
				505BF432297979EE00A901D2 /* ViewController.swift */,
				505BF434297979EE00A901D2 /* Main.storyboard */,
				505BF437297979EE00A901D2 /* Assets.xcassets */,
				505BF439297979EE00A901D2 /* LaunchScreen.storyboard */,
				505BF43C297979EE00A901D2 /* Info.plist */,
			);
			path = "Random Color";
			sourceTree = "<group>";
		};
		505BF444297979EF00A901D2 /* Random ColorTests */ = {
			isa = PBXGroup;
			children = (
				505BF445297979EF00A901D2 /* Random_ColorTests.swift */,
			);
			path = "Random ColorTests";
			sourceTree = "<group>";
		};
		505BF44E297979EF00A901D2 /* Random ColorUITests */ = {
			isa = PBXGroup;
			children = (
				505BF44F297979EF00A901D2 /* Random_ColorUITests.swift */,
				505BF451297979EF00A901D2 /* Random_ColorUITestsLaunchTests.swift */,
			);
			path = "Random ColorUITests";
			sourceTree = "<group>";
		};
/* End PBXGroup section */

/* Begin PBXNativeTarget section */
		505BF42A297979EE00A901D2 /* Random Color */ = {
			isa = PBXNativeTarget;
			buildConfigurationList = 505BF455297979EF00A901D2 /* Build configuration list for PBXNativeTarget "Random Color" */;
			buildPhases = (
				505BF427297979EE00A901D2 /* Sources */,
				505BF428297979EE00A901D2 /* Frameworks */,
				505BF429297979EE00A901D2 /* Resources */,
			);
			buildRules = (
			);
			dependencies = (
			);
			name = "Random Color";
			productName = "Random Color";
			productReference = 505BF42B297979EE00A901D2 /* Random Color.app */;
			productType = "com.apple.product-type.application";
		};
		505BF440297979EF00A901D2 /* Random ColorTests */ = {
			isa = PBXNativeTarget;
			buildConfigurationList = 505BF458297979EF00A901D2 /* Build configuration list for PBXNativeTarget "Random ColorTests" */;
			buildPhases = (
				505BF43D297979EF00A901D2 /* Sources */,
				505BF43E297979EF00A901D2 /* Frameworks */,
				505BF43F297979EF00A901D2 /* Resources */,
			);
			buildRules = (
			);
			dependencies = (
				505BF443297979EF00A901D2 /* PBXTargetDependency */,
			);
			name = "Random ColorTests";
			productName = "Random ColorTests";
			productReference = 505BF441297979EF00A901D2 /* Random ColorTests.xctest */;
			productType = "com.apple.product-type.bundle.unit-test";
		};
		505BF44A297979EF00A901D2 /* Random ColorUITests */ = {
			isa = PBXNativeTarget;
			buildConfigurationList = 505BF45B297979EF00A901D2 /* Build configuration list for PBXNativeTarget "Random ColorUITests" */;
			buildPhases = (
				505BF447297979EF00A901D2 /* Sources */,
				505BF448297979EF00A901D2 /* Frameworks */,
				505BF449297979EF00A901D2 /* Resources */,
			);
			buildRules = (
			);
			dependencies = (
				505BF44D297979EF00A901D2 /* PBXTargetDependency */,
			);
			name = "Random ColorUITests";
			productName = "Random ColorUITests";
			productReference = 505BF44B297979EF00A901D2 /* Random ColorUITests.xctest */;
			productType = "com.apple.product-type.bundle.ui-testing";
		};
/* End PBXNativeTarget section */

/* Begin PBXProject section */
		505BF423297979EE00A901D2 /* Project object */ = {
			isa = PBXProject;
			attributes = {
				BuildIndependentTargetsInParallel = 1;
				LastSwiftUpdateCheck = 1420;
				LastUpgradeCheck = 1420;
				TargetAttributes = {
					505BF42A297979EE00A901D2 = {
						CreatedOnToolsVersion = 14.2;
					};
					505BF440297979EF00A901D2 = {
						CreatedOnToolsVersion = 14.2;
						TestTargetID = 505BF42A297979EE00A901D2;
					};
					505BF44A297979EF00A901D2 = {
						CreatedOnToolsVersion = 14.2;
						TestTargetID = 505BF42A297979EE00A901D2;
					};
				};
			};
			buildConfigurationList = 505BF426297979EE00A901D2 /* Build configuration list for PBXProject "Random Color" */;
			compatibilityVersion = "Xcode 14.0";
			developmentRegion = en;
			hasScannedForEncodings = 0;
			knownRegions = (
				en,
				Base,
			);
			mainGroup = 505BF422297979ED00A901D2;
			productRefGroup = 505BF42C297979EE00A901D2 /* Products */;
			projectDirPath = "";
			projectRoot = "";
			targets = (
				505BF42A297979EE00A901D2 /* Random Color */,
				505BF440297979EF00A901D2 /* Random ColorTests */,
				505BF44A297979EF00A901D2 /* Random ColorUITests */,
			);
		};
/* End PBXProject section */

/* Begin PBXResourcesBuildPhase section */
		505BF429297979EE00A901D2 /* Resources */ = {
			isa = PBXResourcesBuildPhase;
			buildActionMask = 2147483647;
			files = (
				505BF43B297979EE00A901D2 /* LaunchScreen.storyboard in Resources */,
				505BF438297979EE00A901D2 /* Assets.xcassets in Resources */,
				505BF436297979EE00A901D2 /* Main.storyboard in Resources */,
			);
			runOnlyForDeploymentPostprocessing = 0;
		};
		505BF43F297979EF00A901D2 /* Resources */ = {
			isa = PBXResourcesBuildPhase;
			buildActionMask = 2147483647;
			files = (
			);
			runOnlyForDeploymentPostprocessing = 0;
		};
		505BF449297979EF00A901D2 /* Resources */ = {
			isa = PBXResourcesBuildPhase;
			buildActionMask = 2147483647;
			files = (
			);
			runOnlyForDeploymentPostprocessing = 0;
		};
/* End PBXResourcesBuildPhase section */

/* Begin PBXSourcesBuildPhase section */
		505BF427297979EE00A901D2 /* Sources */ = {
			isa = PBXSourcesBuildPhase;
			buildActionMask = 2147483647;
			files = (
				505BF433297979EE00A901D2 /* ViewController.swift in Sources */,
				505BF42F297979EE00A901D2 /* AppDelegate.swift in Sources */,
				505BF431297979EE00A901D2 /* SceneDelegate.swift in Sources */,
			);
			runOnlyForDeploymentPostprocessing = 0;
		};
		505BF43D297979EF00A901D2 /* Sources */ = {
			isa = PBXSourcesBuildPhase;
			buildActionMask = 2147483647;
			files = (
				505BF446297979EF00A901D2 /* Random_ColorTests.swift in Sources */,
			);
			runOnlyForDeploymentPostprocessing = 0;
		};
		505BF447297979EF00A901D2 /* Sources */ = {
			isa = PBXSourcesBuildPhase;
			buildActionMask = 2147483647;
			files = (
				505BF450297979EF00A901D2 /* Random_ColorUITests.swift in Sources */,
				505BF452297979EF00A901D2 /* Random_ColorUITestsLaunchTests.swift in Sources */,
			);
			runOnlyForDeploymentPostprocessing = 0;
		};
/* End PBXSourcesBuildPhase section */

/* Begin PBXTargetDependency section */
		505BF443297979EF00A901D2 /* PBXTargetDependency */ = {
			isa = PBXTargetDependency;
			target = 505BF42A297979EE00A901D2 /* Random Color */;
			targetProxy = 505BF442297979EF00A901D2 /* PBXContainerItemProxy */;
		};
		505BF44D297979EF00A901D2 /* PBXTargetDependency */ = {
			isa = PBXTargetDependency;
			target = 505BF42A297979EE00A901D2 /* Random Color */;
			targetProxy = 505BF44C297979EF00A901D2 /* PBXContainerItemProxy */;
		};
/* End PBXTargetDependency section */

/* Begin PBXVariantGroup section */
		505BF434297979EE00A901D2 /* Main.storyboard */ = {
			isa = PBXVariantGroup;
			children = (
				505BF435297979EE00A901D2 /* Base */,
			);
			name = Main.storyboard;
			sourceTree = "<group>";
		};
		505BF439297979EE00A901D2 /* LaunchScreen.storyboard */ = {
			isa = PBXVariantGroup;
			children = (
				505BF43A297979EE00A901D2 /* Base */,
			);
			name = LaunchScreen.storyboard;
			sourceTree = "<group>";
		};
/* End PBXVariantGroup section */

/* Begin XCBuildConfiguration section */
		505BF453297979EF00A901D2 /* Debug */ = {
			isa = XCBuildConfiguration;
			buildSettings = {
				ALWAYS_SEARCH_USER_PATHS = NO;
				CLANG_ANALYZER_NONNULL = YES;
				CLANG_ANALYZER_NUMBER_OBJECT_CONVERSION = YES_AGGRESSIVE;
				CLANG_CXX_LANGUAGE_STANDARD = "gnu++20";
				CLANG_ENABLE_MODULES = YES;
				CLANG_ENABLE_OBJC_ARC = YES;
				CLANG_ENABLE_OBJC_WEAK = YES;
				CLANG_WARN_BLOCK_CAPTURE_AUTORELEASING = YES;
				CLANG_WARN_BOOL_CONVERSION = YES;
				CLANG_WARN_COMMA = YES;
				CLANG_WARN_CONSTANT_CONVERSION = YES;
				CLANG_WARN_DEPRECATED_OBJC_IMPLEMENTATIONS = YES;
				CLANG_WARN_DIRECT_OBJC_ISA_USAGE = YES_ERROR;
				CLANG_WARN_DOCUMENTATION_COMMENTS = YES;
				CLANG_WARN_EMPTY_BODY = YES;
				CLANG_WARN_ENUM_CONVERSION = YES;
				CLANG_WARN_INFINITE_RECURSION = YES;
				CLANG_WARN_INT_CONVERSION = YES;
				CLANG_WARN_NON_LITERAL_NULL_CONVERSION = YES;
				CLANG_WARN_OBJC_IMPLICIT_RETAIN_SELF = YES;
				CLANG_WARN_OBJC_LITERAL_CONVERSION = YES;
				CLANG_WARN_OBJC_ROOT_CLASS = YES_ERROR;
				CLANG_WARN_QUOTED_INCLUDE_IN_FRAMEWORK_HEADER = YES;
				CLANG_WARN_RANGE_LOOP_ANALYSIS = YES;
				CLANG_WARN_STRICT_PROTOTYPES = YES;
				CLANG_WARN_SUSPICIOUS_MOVE = YES;
				CLANG_WARN_UNGUARDED_AVAILABILITY = YES_AGGRESSIVE;
				CLANG_WARN_UNREACHABLE_CODE = YES;
				CLANG_WARN__DUPLICATE_METHOD_MATCH = YES;
				COPY_PHASE_STRIP = NO;
				DEBUG_INFORMATION_FORMAT = dwarf;
				ENABLE_STRICT_OBJC_MSGSEND = YES;
				ENABLE_TESTABILITY = YES;
				GCC_C_LANGUAGE_STANDARD = gnu11;
				GCC_DYNAMIC_NO_PIC = NO;
				GCC_NO_COMMON_BLOCKS = YES;
				GCC_OPTIMIZATION_LEVEL = 0;
				GCC_PREPROCESSOR_DEFINITIONS = (
					"DEBUG=1",
					"$(inherited)",
				);
				GCC_WARN_64_TO_32_BIT_CONVERSION = YES;
				GCC_WARN_ABOUT_RETURN_TYPE = YES_ERROR;
				GCC_WARN_UNDECLARED_SELECTOR = YES;
				GCC_WARN_UNINITIALIZED_AUTOS = YES_AGGRESSIVE;
				GCC_WARN_UNUSED_FUNCTION = YES;
				GCC_WARN_UNUSED_VARIABLE = YES;
				IPHONEOS_DEPLOYMENT_TARGET = 16.2;
				MTL_ENABLE_DEBUG_INFO = INCLUDE_SOURCE;
				MTL_FAST_MATH = YES;
				ONLY_ACTIVE_ARCH = YES;
				SDKROOT = iphoneos;
				SWIFT_ACTIVE_COMPILATION_CONDITIONS = DEBUG;
				SWIFT_OPTIMIZATION_LEVEL = "-Onone";
			};
			name = Debug;
		};
		505BF454297979EF00A901D2 /* Release */ = {
			isa = XCBuildConfiguration;
			buildSettings = {
				ALWAYS_SEARCH_USER_PATHS = NO;
				CLANG_ANALYZER_NONNULL = YES;
				CLANG_ANALYZER_NUMBER_OBJECT_CONVERSION = YES_AGGRESSIVE;
				CLANG_CXX_LANGUAGE_STANDARD = "gnu++20";
				CLANG_ENABLE_MODULES = YES;
				CLANG_ENABLE_OBJC_ARC = YES;
				CLANG_ENABLE_OBJC_WEAK = YES;
				CLANG_WARN_BLOCK_CAPTURE_AUTORELEASING = YES;
				CLANG_WARN_BOOL_CONVERSION = YES;
				CLANG_WARN_COMMA = YES;
				CLANG_WARN_CONSTANT_CONVERSION = YES;
				CLANG_WARN_DEPRECATED_OBJC_IMPLEMENTATIONS = YES;
				CLANG_WARN_DIRECT_OBJC_ISA_USAGE = YES_ERROR;
				CLANG_WARN_DOCUMENTATION_COMMENTS = YES;
				CLANG_WARN_EMPTY_BODY = YES;
				CLANG_WARN_ENUM_CONVERSION = YES;
				CLANG_WARN_INFINITE_RECURSION = YES;
				CLANG_WARN_INT_CONVERSION = YES;
				CLANG_WARN_NON_LITERAL_NULL_CONVERSION = YES;
				CLANG_WARN_OBJC_IMPLICIT_RETAIN_SELF = YES;
				CLANG_WARN_OBJC_LITERAL_CONVERSION = YES;
				CLANG_WARN_OBJC_ROOT_CLASS = YES_ERROR;
				CLANG_WARN_QUOTED_INCLUDE_IN_FRAMEWORK_HEADER = YES;
				CLANG_WARN_RANGE_LOOP_ANALYSIS = YES;
				CLANG_WARN_STRICT_PROTOTYPES = YES;
				CLANG_WARN_SUSPICIOUS_MOVE = YES;
				CLANG_WARN_UNGUARDED_AVAILABILITY = YES_AGGRESSIVE;
				CLANG_WARN_UNREACHABLE_CODE = YES;
				CLANG_WARN__DUPLICATE_METHOD_MATCH = YES;
				COPY_PHASE_STRIP = NO;
				DEBUG_INFORMATION_FORMAT = "dwarf-with-dsym";
				ENABLE_NS_ASSERTIONS = NO;
				ENABLE_STRICT_OBJC_MSGSEND = YES;
				GCC_C_LANGUAGE_STANDARD = gnu11;
				GCC_NO_COMMON_BLOCKS = YES;
				GCC_WARN_64_TO_32_BIT_CONVERSION = YES;
				GCC_WARN_ABOUT_RETURN_TYPE = YES_ERROR;
				GCC_WARN_UNDECLARED_SELECTOR = YES;
				GCC_WARN_UNINITIALIZED_AUTOS = YES_AGGRESSIVE;
				GCC_WARN_UNUSED_FUNCTION = YES;
				GCC_WARN_UNUSED_VARIABLE = YES;
				IPHONEOS_DEPLOYMENT_TARGET = 16.2;
				MTL_ENABLE_DEBUG_INFO = NO;
				MTL_FAST_MATH = YES;
				SDKROOT = iphoneos;
				SWIFT_COMPILATION_MODE = wholemodule;
				SWIFT_OPTIMIZATION_LEVEL = "-O";
				VALIDATE_PRODUCT = YES;
			};
			name = Release;
		};
		505BF456297979EF00A901D2 /* Debug */ = {
			isa = XCBuildConfiguration;
			buildSettings = {
				ASSETCATALOG_COMPILER_APPICON_NAME = AppIcon;
				ASSETCATALOG_COMPILER_GLOBAL_ACCENT_COLOR_NAME = AccentColor;
				CODE_SIGN_STYLE = Automatic;
				CURRENT_PROJECT_VERSION = 1;
				DEVELOPMENT_TEAM = WQMAL6689T;
				GENERATE_INFOPLIST_FILE = YES;
				INFOPLIST_FILE = "Random Color/Info.plist";
				INFOPLIST_KEY_UIApplicationSupportsIndirectInputEvents = YES;
				INFOPLIST_KEY_UILaunchStoryboardName = LaunchScreen;
				INFOPLIST_KEY_UIMainStoryboardFile = Main;
				INFOPLIST_KEY_UISupportedInterfaceOrientations_iPad = "UIInterfaceOrientationPortrait UIInterfaceOrientationPortraitUpsideDown UIInterfaceOrientationLandscapeLeft UIInterfaceOrientationLandscapeRight";
				INFOPLIST_KEY_UISupportedInterfaceOrientations_iPhone = "UIInterfaceOrientationPortrait UIInterfaceOrientationLandscapeLeft UIInterfaceOrientationLandscapeRight";
				LD_RUNPATH_SEARCH_PATHS = (
					"$(inherited)",
					"@executable_path/Frameworks",
				);
				MARKETING_VERSION = 1.0;
				PRODUCT_BUNDLE_IDENTIFIER = "np.com.paurakhsaud.Random-Color";
				PRODUCT_NAME = "$(TARGET_NAME)";
				SWIFT_EMIT_LOC_STRINGS = YES;
				SWIFT_VERSION = 5.0;
				TARGETED_DEVICE_FAMILY = "1,2";
			};
			name = Debug;
		};
		505BF457297979EF00A901D2 /* Release */ = {
			isa = XCBuildConfiguration;
			buildSettings = {
				ASSETCATALOG_COMPILER_APPICON_NAME = AppIcon;
				ASSETCATALOG_COMPILER_GLOBAL_ACCENT_COLOR_NAME = AccentColor;
				CODE_SIGN_STYLE = Automatic;
				CURRENT_PROJECT_VERSION = 1;
				DEVELOPMENT_TEAM = WQMAL6689T;
				GENERATE_INFOPLIST_FILE = YES;
				INFOPLIST_FILE = "Random Color/Info.plist";
				INFOPLIST_KEY_UIApplicationSupportsIndirectInputEvents = YES;
				INFOPLIST_KEY_UILaunchStoryboardName = LaunchScreen;
				INFOPLIST_KEY_UIMainStoryboardFile = Main;
				INFOPLIST_KEY_UISupportedInterfaceOrientations_iPad = "UIInterfaceOrientationPortrait UIInterfaceOrientationPortraitUpsideDown UIInterfaceOrientationLandscapeLeft UIInterfaceOrientationLandscapeRight";
				INFOPLIST_KEY_UISupportedInterfaceOrientations_iPhone = "UIInterfaceOrientationPortrait UIInterfaceOrientationLandscapeLeft UIInterfaceOrientationLandscapeRight";
				LD_RUNPATH_SEARCH_PATHS = (
					"$(inherited)",
					"@executable_path/Frameworks",
				);
				MARKETING_VERSION = 1.0;
				PRODUCT_BUNDLE_IDENTIFIER = "np.com.paurakhsaud.Random-Color";
				PRODUCT_NAME = "$(TARGET_NAME)";
				SWIFT_EMIT_LOC_STRINGS = YES;
				SWIFT_VERSION = 5.0;
				TARGETED_DEVICE_FAMILY = "1,2";
			};
			name = Release;
		};
		505BF459297979EF00A901D2 /* Debug */ = {
			isa = XCBuildConfiguration;
			buildSettings = {
				ALWAYS_EMBED_SWIFT_STANDARD_LIBRARIES = YES;
				BUNDLE_LOADER = "$(TEST_HOST)";
				CODE_SIGN_STYLE = Automatic;
				CURRENT_PROJECT_VERSION = 1;
				DEVELOPMENT_TEAM = WQMAL6689T;
				GENERATE_INFOPLIST_FILE = YES;
				IPHONEOS_DEPLOYMENT_TARGET = 16.2;
				MARKETING_VERSION = 1.0;
				PRODUCT_BUNDLE_IDENTIFIER = "np.com.paurakhsaud.Random-ColorTests";
				PRODUCT_NAME = "$(TARGET_NAME)";
				SWIFT_EMIT_LOC_STRINGS = NO;
				SWIFT_VERSION = 5.0;
				TARGETED_DEVICE_FAMILY = "1,2";
				TEST_HOST = "$(BUILT_PRODUCTS_DIR)/Random Color.app/$(BUNDLE_EXECUTABLE_FOLDER_PATH)/Random Color";
			};
			name = Debug;
		};
		505BF45A297979EF00A901D2 /* Release */ = {
			isa = XCBuildConfiguration;
			buildSettings = {
				ALWAYS_EMBED_SWIFT_STANDARD_LIBRARIES = YES;
				BUNDLE_LOADER = "$(TEST_HOST)";
				CODE_SIGN_STYLE = Automatic;
				CURRENT_PROJECT_VERSION = 1;
				DEVELOPMENT_TEAM = WQMAL6689T;
				GENERATE_INFOPLIST_FILE = YES;
				IPHONEOS_DEPLOYMENT_TARGET = 16.2;
				MARKETING_VERSION = 1.0;
				PRODUCT_BUNDLE_IDENTIFIER = "np.com.paurakhsaud.Random-ColorTests";
				PRODUCT_NAME = "$(TARGET_NAME)";
				SWIFT_EMIT_LOC_STRINGS = NO;
				SWIFT_VERSION = 5.0;
				TARGETED_DEVICE_FAMILY = "1,2";
				TEST_HOST = "$(BUILT_PRODUCTS_DIR)/Random Color.app/$(BUNDLE_EXECUTABLE_FOLDER_PATH)/Random Color";
			};
			name = Release;
		};
		505BF45C297979EF00A901D2 /* Debug */ = {
			isa = XCBuildConfiguration;
			buildSettings = {
				ALWAYS_EMBED_SWIFT_STANDARD_LIBRARIES = YES;
				CODE_SIGN_STYLE = Automatic;
				CURRENT_PROJECT_VERSION = 1;
				DEVELOPMENT_TEAM = WQMAL6689T;
				GENERATE_INFOPLIST_FILE = YES;
				MARKETING_VERSION = 1.0;
				PRODUCT_BUNDLE_IDENTIFIER = "np.com.paurakhsaud.Random-ColorUITests";
				PRODUCT_NAME = "$(TARGET_NAME)";
				SWIFT_EMIT_LOC_STRINGS = NO;
				SWIFT_VERSION = 5.0;
				TARGETED_DEVICE_FAMILY = "1,2";
				TEST_TARGET_NAME = "Random Color";
			};
			name = Debug;
		};
		505BF45D297979EF00A901D2 /* Release */ = {
			isa = XCBuildConfiguration;
			buildSettings = {
				ALWAYS_EMBED_SWIFT_STANDARD_LIBRARIES = YES;
				CODE_SIGN_STYLE = Automatic;
				CURRENT_PROJECT_VERSION = 1;
				DEVELOPMENT_TEAM = WQMAL6689T;
				GENERATE_INFOPLIST_FILE = YES;
				MARKETING_VERSION = 1.0;
				PRODUCT_BUNDLE_IDENTIFIER = "np.com.paurakhsaud.Random-ColorUITests";
				PRODUCT_NAME = "$(TARGET_NAME)";
				SWIFT_EMIT_LOC_STRINGS = NO;
				SWIFT_VERSION = 5.0;
				TARGETED_DEVICE_FAMILY = "1,2";
				TEST_TARGET_NAME = "Random Color";
			};
			name = Release;
		};
/* End XCBuildConfiguration section */

/* Begin XCConfigurationList section */
		505BF426297979EE00A901D2 /* Build configuration list for PBXProject "Random Color" */ = {
			isa = XCConfigurationList;
			buildConfigurations = (
				505BF453297979EF00A901D2 /* Debug */,
				505BF454297979EF00A901D2 /* Release */,
			);
			defaultConfigurationIsVisible = 0;
			defaultConfigurationName = Release;
		};
		505BF455297979EF00A901D2 /* Build configuration list for PBXNativeTarget "Random Color" */ = {
			isa = XCConfigurationList;
			buildConfigurations = (
				505BF456297979EF00A901D2 /* Debug */,
				505BF457297979EF00A901D2 /* Release */,
			);
			defaultConfigurationIsVisible = 0;
			defaultConfigurationName = Release;
		};
		505BF458297979EF00A901D2 /* Build configuration list for PBXNativeTarget "Random ColorTests" */ = {
			isa = XCConfigurationList;
			buildConfigurations = (
				505BF459297979EF00A901D2 /* Debug */,
				505BF45A297979EF00A901D2 /* Release */,
			);
			defaultConfigurationIsVisible = 0;
			defaultConfigurationName = Release;
		};
		505BF45B297979EF00A901D2 /* Build configuration list for PBXNativeTarget "Random ColorUITests" */ = {
			isa = XCConfigurationList;
			buildConfigurations = (
				505BF45C297979EF00A901D2 /* Debug */,
				505BF45D297979EF00A901D2 /* Release */,
			);
			defaultConfigurationIsVisible = 0;
			defaultConfigurationName = Release;
		};
/* End XCConfigurationList section */
	};
	rootObject = 505BF423297979EE00A901D2 /* Project object */;
}
